
Microsoft Visual Studio Solution File, Format Version 12.00
# Visual Studio Version 17
VisualStudioVersion = 17.5.002.0
MinimumVisualStudioVersion = 10.0.40219.1
Project("{9A19103F-16F7-4668-BE54-9A1E7A4F7556}") = "Calculator", "Calculator.csproj", "{90B12219-9D68-475C-A46D-7B98B9438B7F}"
EndProject
Global
	GlobalSection(SolutionConfigurationPlatforms) = preSolution
		Debug|Any CPU = Debug|Any CPU
		Release|Any CPU = Release|Any CPU
	EndGlobalSection
	GlobalSection(ProjectConfigurationPlatforms) = postSolution
		{90B12219-9D68-475C-A46D-7B98B9438B7F}.Debug|Any CPU.ActiveCfg = Debug|Any CPU
		{90B12219-9D68-475C-A46D-7B98B9438B7F}.Debug|Any CPU.Build.0 = Debug|Any CPU
		{90B12219-9D68-475C-A46D-7B98B9438B7F}.Release|Any CPU.ActiveCfg = Release|Any CPU
		{90B12219-9D68-475C-A46D-7B98B9438B7F}.Release|Any CPU.Build.0 = Release|Any CPU
	EndGlobalSection
	GlobalSection(SolutionProperties) = preSolution
		HideSolutionNode = FALSE
	EndGlobalSection
	GlobalSection(ExtensibilityGlobals) = postSolution
		SolutionGuid = {B913F195-EDA1-4326-A567-522A6A883786}
	EndGlobalSection
EndGlobal
